
Microsoft Visual Studio Solution File, Format Version 12.00
# Visual Studio Version 17
VisualStudioVersion = 17.12.35707.178
MinimumVisualStudioVersion = 10.0.40219.1
Project("{2150E333-8FDC-42A3-9474-1A3956D46DE8}") = "src", "src", "{4483D9B8-294C-4B09-9675-F50A1196D2DF}"
EndProject
Project("{2150E333-8FDC-42A3-9474-1A3956D46DE8}") = "01 - Api", "01 - Api", "{68329FC4-B284-429D-8CC8-2890DE23C69B}"
EndProject
Project("{2150E333-8FDC-42A3-9474-1A3956D46DE8}") = "02 - Application", "02 - Application", "{D81467EA-B14D-4505-8A53-2AF59CE9060F}"
EndProject
Project("{FAE04EC0-301F-11D3-BF4B-00C04F79EFBC}") = "BancoKrt.Application", "src\BancoKrt.Application\BancoKrt.Application.csproj", "{CFC25F81-A6B4-4E05-994F-751179CADB7C}"
EndProject
Project("{2150E333-8FDC-42A3-9474-1A3956D46DE8}") = "03 - Domain", "03 - Domain", "{C8C1A000-B85A-4B29-9763-8E962ACDEB1F}"
EndProject
Project("{FAE04EC0-301F-11D3-BF4B-00C04F79EFBC}") = "BancoKrt.Domain", "src\BancoKrt.Domain\BancoKrt.Domain.csproj", "{82997EB3-A216-4273-A8A0-588E675E719B}"
EndProject
Project("{2150E333-8FDC-42A3-9474-1A3956D46DE8}") = "04 - Exception", "04 - Exception", "{E55DD196-1A3C-4D88-91AE-54BC98BC2EAC}"
EndProject
Project("{FAE04EC0-301F-11D3-BF4B-00C04F79EFBC}") = "BancoKrt.Exception", "src\BancoKrt.Exception\BancoKrt.Exception.csproj", "{566BD71E-ADB4-4697-82D8-5501C33A31BB}"
EndProject
Project("{2150E333-8FDC-42A3-9474-1A3956D46DE8}") = "05 - Infrastructure", "05 - Infrastructure", "{C181B848-604F-469F-A493-AF5AB96FD92A}"
EndProject
Project("{FAE04EC0-301F-11D3-BF4B-00C04F79EFBC}") = "BancoKrt.Infrastructure", "src\BancoKrt.Infrastructure\BancoKrt.Infrastructure.csproj", "{279D0A0F-7FB2-452E-8647-A32AAF949D44}"
EndProject
Project("{2150E333-8FDC-42A3-9474-1A3956D46DE8}") = "tests", "tests", "{01C5CCB9-1419-4F43-BEE6-752B3F86A1E5}"
EndProject
Project("{FAE04EC0-301F-11D3-BF4B-00C04F79EFBC}") = "BancoKrt.Api", "src\BancoKrt.Api\BancoKrt.Api\BancoKrt.Api.csproj", "{767F1279-7BB5-4F24-B3A6-A2AEEF6DB076}"
EndProject
Project("{FAE04EC0-301F-11D3-BF4B-00C04F79EFBC}") = "UnitTest", "test\UnitTest\UnitTest.csproj", "{C807649D-D61C-4AF7-BF1B-AC09A2D8FA09}"
EndProject
Global
	GlobalSection(SolutionConfigurationPlatforms) = preSolution
		Debug|Any CPU = Debug|Any CPU
		Release|Any CPU = Release|Any CPU
	EndGlobalSection
	GlobalSection(ProjectConfigurationPlatforms) = postSolution
		{CFC25F81-A6B4-4E05-994F-751179CADB7C}.Debug|Any CPU.ActiveCfg = Debug|Any CPU
		{CFC25F81-A6B4-4E05-994F-751179CADB7C}.Debug|Any CPU.Build.0 = Debug|Any CPU
		{CFC25F81-A6B4-4E05-994F-751179CADB7C}.Release|Any CPU.ActiveCfg = Release|Any CPU
		{CFC25F81-A6B4-4E05-994F-751179CADB7C}.Release|Any CPU.Build.0 = Release|Any CPU
		{82997EB3-A216-4273-A8A0-588E675E719B}.Debug|Any CPU.ActiveCfg = Debug|Any CPU
		{82997EB3-A216-4273-A8A0-588E675E719B}.Debug|Any CPU.Build.0 = Debug|Any CPU
		{82997EB3-A216-4273-A8A0-588E675E719B}.Release|Any CPU.ActiveCfg = Release|Any CPU
		{82997EB3-A216-4273-A8A0-588E675E719B}.Release|Any CPU.Build.0 = Release|Any CPU
		{566BD71E-ADB4-4697-82D8-5501C33A31BB}.Debug|Any CPU.ActiveCfg = Debug|Any CPU
		{566BD71E-ADB4-4697-82D8-5501C33A31BB}.Debug|Any CPU.Build.0 = Debug|Any CPU
		{566BD71E-ADB4-4697-82D8-5501C33A31BB}.Release|Any CPU.ActiveCfg = Release|Any CPU
		{566BD71E-ADB4-4697-82D8-5501C33A31BB}.Release|Any CPU.Build.0 = Release|Any CPU
		{279D0A0F-7FB2-452E-8647-A32AAF949D44}.Debug|Any CPU.ActiveCfg = Debug|Any CPU
		{279D0A0F-7FB2-452E-8647-A32AAF949D44}.Debug|Any CPU.Build.0 = Debug|Any CPU
		{279D0A0F-7FB2-452E-8647-A32AAF949D44}.Release|Any CPU.ActiveCfg = Release|Any CPU
		{279D0A0F-7FB2-452E-8647-A32AAF949D44}.Release|Any CPU.Build.0 = Release|Any CPU
		{767F1279-7BB5-4F24-B3A6-A2AEEF6DB076}.Debug|Any CPU.ActiveCfg = Debug|Any CPU
		{767F1279-7BB5-4F24-B3A6-A2AEEF6DB076}.Debug|Any CPU.Build.0 = Debug|Any CPU
		{767F1279-7BB5-4F24-B3A6-A2AEEF6DB076}.Release|Any CPU.ActiveCfg = Release|Any CPU
		{767F1279-7BB5-4F24-B3A6-A2AEEF6DB076}.Release|Any CPU.Build.0 = Release|Any CPU
		{C807649D-D61C-4AF7-BF1B-AC09A2D8FA09}.Debug|Any CPU.ActiveCfg = Debug|Any CPU
		{C807649D-D61C-4AF7-BF1B-AC09A2D8FA09}.Debug|Any CPU.Build.0 = Debug|Any CPU
		{C807649D-D61C-4AF7-BF1B-AC09A2D8FA09}.Release|Any CPU.ActiveCfg = Release|Any CPU
		{C807649D-D61C-4AF7-BF1B-AC09A2D8FA09}.Release|Any CPU.Build.0 = Release|Any CPU
	EndGlobalSection
	GlobalSection(SolutionProperties) = preSolution
		HideSolutionNode = FALSE
	EndGlobalSection
	GlobalSection(NestedProjects) = preSolution
		{68329FC4-B284-429D-8CC8-2890DE23C69B} = {4483D9B8-294C-4B09-9675-F50A1196D2DF}
		{D81467EA-B14D-4505-8A53-2AF59CE9060F} = {4483D9B8-294C-4B09-9675-F50A1196D2DF}
		{CFC25F81-A6B4-4E05-994F-751179CADB7C} = {D81467EA-B14D-4505-8A53-2AF59CE9060F}
		{C8C1A000-B85A-4B29-9763-8E962ACDEB1F} = {4483D9B8-294C-4B09-9675-F50A1196D2DF}
		{82997EB3-A216-4273-A8A0-588E675E719B} = {C8C1A000-B85A-4B29-9763-8E962ACDEB1F}
		{E55DD196-1A3C-4D88-91AE-54BC98BC2EAC} = {4483D9B8-294C-4B09-9675-F50A1196D2DF}
		{566BD71E-ADB4-4697-82D8-5501C33A31BB} = {E55DD196-1A3C-4D88-91AE-54BC98BC2EAC}
		{C181B848-604F-469F-A493-AF5AB96FD92A} = {4483D9B8-294C-4B09-9675-F50A1196D2DF}
		{279D0A0F-7FB2-452E-8647-A32AAF949D44} = {C181B848-604F-469F-A493-AF5AB96FD92A}
		{767F1279-7BB5-4F24-B3A6-A2AEEF6DB076} = {68329FC4-B284-429D-8CC8-2890DE23C69B}
		{C807649D-D61C-4AF7-BF1B-AC09A2D8FA09} = {01C5CCB9-1419-4F43-BEE6-752B3F86A1E5}
	EndGlobalSection
EndGlobal
